// !$*UTF8*$!
{
	archiveVersion = 1;
	classes = {
	};
	objectVersion = 55;
	objects = {

/* Begin PBXBuildFile section */
		CB26423A28EB718000B65B70 /* SourceSansPro-Regular.otf in Resources */ = {isa = PBXBuildFile; fileRef = CB26423928EB718000B65B70 /* SourceSansPro-Regular.otf */; };
		CB26423C28EB725200B65B70 /* SourceSansPro-Bold.otf in Resources */ = {isa = PBXBuildFile; fileRef = CB26423B28EB725200B65B70 /* SourceSansPro-Bold.otf */; };
		CB26423F28EB7ACB00B65B70 /* TopArticlesCollectionViewCell.swift in Sources */ = {isa = PBXBuildFile; fileRef = CB26423D28EB7ACB00B65B70 /* TopArticlesCollectionViewCell.swift */; };
		CB26424028EB7ACB00B65B70 /* TopArticlesCollectionViewCell.xib in Resources */ = {isa = PBXBuildFile; fileRef = CB26423E28EB7ACB00B65B70 /* TopArticlesCollectionViewCell.xib */; };
		CB6C7DC328E6FC7600BE3F05 /* AppDelegate.swift in Sources */ = {isa = PBXBuildFile; fileRef = CB6C7DC228E6FC7600BE3F05 /* AppDelegate.swift */; };
		CB6C7DC528E6FC7600BE3F05 /* SceneDelegate.swift in Sources */ = {isa = PBXBuildFile; fileRef = CB6C7DC428E6FC7600BE3F05 /* SceneDelegate.swift */; };
		CB6C7DC728E6FC7600BE3F05 /* HomeViewController.swift in Sources */ = {isa = PBXBuildFile; fileRef = CB6C7DC628E6FC7600BE3F05 /* HomeViewController.swift */; };
		CB6C7DCA28E6FC7600BE3F05 /* Main.storyboard in Resources */ = {isa = PBXBuildFile; fileRef = CB6C7DC828E6FC7600BE3F05 /* Main.storyboard */; };
		CB6C7DCC28E6FC7800BE3F05 /* Assets.xcassets in Resources */ = {isa = PBXBuildFile; fileRef = CB6C7DCB28E6FC7800BE3F05 /* Assets.xcassets */; };
		CB6C7DCF28E6FC7800BE3F05 /* LaunchScreen.storyboard in Resources */ = {isa = PBXBuildFile; fileRef = CB6C7DCD28E6FC7800BE3F05 /* LaunchScreen.storyboard */; };
		CBB480DF28F243EB0098B92D /* SearchViewController.swift in Sources */ = {isa = PBXBuildFile; fileRef = CBB480DE28F243EB0098B92D /* SearchViewController.swift */; };
		CBB480E428F248080098B92D /* CollectionViewCell.swift in Sources */ = {isa = PBXBuildFile; fileRef = CBB480E228F248080098B92D /* CollectionViewCell.swift */; };
		CBB480E528F248080098B92D /* CollectionViewCell.xib in Resources */ = {isa = PBXBuildFile; fileRef = CBB480E328F248080098B92D /* CollectionViewCell.xib */; };
		E0D9779A01838C3ADE14CE5A /* libPods-TravelApp.a in Frameworks */ = {isa = PBXBuildFile; fileRef = B59EB5CAA073AB44E64C9463 /* libPods-TravelApp.a */; };
/* End PBXBuildFile section */

/* Begin PBXFileReference section */
		2156D66DF6737B00EA1EFBF5 /* Pods-TravelApp.release.xcconfig */ = {isa = PBXFileReference; includeInIndex = 1; lastKnownFileType = text.xcconfig; name = "Pods-TravelApp.release.xcconfig"; path = "Target Support Files/Pods-TravelApp/Pods-TravelApp.release.xcconfig"; sourceTree = "<group>"; };
		499C7140FB8A4715088CBEB6 /* Pods-TravelApp.debug.xcconfig */ = {isa = PBXFileReference; includeInIndex = 1; lastKnownFileType = text.xcconfig; name = "Pods-TravelApp.debug.xcconfig"; path = "Target Support Files/Pods-TravelApp/Pods-TravelApp.debug.xcconfig"; sourceTree = "<group>"; };
		B59EB5CAA073AB44E64C9463 /* libPods-TravelApp.a */ = {isa = PBXFileReference; explicitFileType = archive.ar; includeInIndex = 0; path = "libPods-TravelApp.a"; sourceTree = BUILT_PRODUCTS_DIR; };
		CB26423928EB718000B65B70 /* SourceSansPro-Regular.otf */ = {isa = PBXFileReference; lastKnownFileType = file; path = "SourceSansPro-Regular.otf"; sourceTree = "<group>"; };
		CB26423B28EB725200B65B70 /* SourceSansPro-Bold.otf */ = {isa = PBXFileReference; lastKnownFileType = file; path = "SourceSansPro-Bold.otf"; sourceTree = "<group>"; };
		CB26423D28EB7ACB00B65B70 /* TopArticlesCollectionViewCell.swift */ = {isa = PBXFileReference; lastKnownFileType = sourcecode.swift; path = TopArticlesCollectionViewCell.swift; sourceTree = "<group>"; };
		CB26423E28EB7ACB00B65B70 /* TopArticlesCollectionViewCell.xib */ = {isa = PBXFileReference; lastKnownFileType = file.xib; path = TopArticlesCollectionViewCell.xib; sourceTree = "<group>"; };
		CB6C7DBF28E6FC7600BE3F05 /* TravelApp.app */ = {isa = PBXFileReference; explicitFileType = wrapper.application; includeInIndex = 0; path = TravelApp.app; sourceTree = BUILT_PRODUCTS_DIR; };
		CB6C7DC228E6FC7600BE3F05 /* AppDelegate.swift */ = {isa = PBXFileReference; lastKnownFileType = sourcecode.swift; path = AppDelegate.swift; sourceTree = "<group>"; };
		CB6C7DC428E6FC7600BE3F05 /* SceneDelegate.swift */ = {isa = PBXFileReference; lastKnownFileType = sourcecode.swift; path = SceneDelegate.swift; sourceTree = "<group>"; };
		CB6C7DC628E6FC7600BE3F05 /* HomeViewController.swift */ = {isa = PBXFileReference; lastKnownFileType = sourcecode.swift; path = HomeViewController.swift; sourceTree = "<group>"; };
		CB6C7DC928E6FC7600BE3F05 /* Base */ = {isa = PBXFileReference; lastKnownFileType = file.storyboard; name = Base; path = Base.lproj/Main.storyboard; sourceTree = "<group>"; };
		CB6C7DCB28E6FC7800BE3F05 /* Assets.xcassets */ = {isa = PBXFileReference; lastKnownFileType = folder.assetcatalog; path = Assets.xcassets; sourceTree = "<group>"; };
		CB6C7DCE28E6FC7800BE3F05 /* Base */ = {isa = PBXFileReference; lastKnownFileType = file.storyboard; name = Base; path = Base.lproj/LaunchScreen.storyboard; sourceTree = "<group>"; };
		CB6C7DD028E6FC7800BE3F05 /* Info.plist */ = {isa = PBXFileReference; lastKnownFileType = text.plist.xml; path = Info.plist; sourceTree = "<group>"; };
		CBB480DE28F243EB0098B92D /* SearchViewController.swift */ = {isa = PBXFileReference; lastKnownFileType = sourcecode.swift; path = SearchViewController.swift; sourceTree = "<group>"; };
		CBB480E228F248080098B92D /* CollectionViewCell.swift */ = {isa = PBXFileReference; lastKnownFileType = sourcecode.swift; path = CollectionViewCell.swift; sourceTree = "<group>"; };
		CBB480E328F248080098B92D /* CollectionViewCell.xib */ = {isa = PBXFileReference; lastKnownFileType = file.xib; path = CollectionViewCell.xib; sourceTree = "<group>"; };
/* End PBXFileReference section */

/* Begin PBXFrameworksBuildPhase section */
		CB6C7DBC28E6FC7600BE3F05 /* Frameworks */ = {
			isa = PBXFrameworksBuildPhase;
			buildActionMask = 2147483647;
			files = (
				E0D9779A01838C3ADE14CE5A /* libPods-TravelApp.a in Frameworks */,
			);
			runOnlyForDeploymentPostprocessing = 0;
		};
/* End PBXFrameworksBuildPhase section */

/* Begin PBXGroup section */
		B1EEA0100CFE5095EBAE6504 /* Pods */ = {
			isa = PBXGroup;
			children = (
				499C7140FB8A4715088CBEB6 /* Pods-TravelApp.debug.xcconfig */,
				2156D66DF6737B00EA1EFBF5 /* Pods-TravelApp.release.xcconfig */,
			);
			path = Pods;
			sourceTree = "<group>";
		};
		BAC6A1AC5D7C6C8ECEEC55BA /* Frameworks */ = {
			isa = PBXGroup;
			children = (
				B59EB5CAA073AB44E64C9463 /* libPods-TravelApp.a */,
			);
			name = Frameworks;
			sourceTree = "<group>";
		};
		CB26423828EB711000B65B70 /* Fonts */ = {
			isa = PBXGroup;
			children = (
				CB26423B28EB725200B65B70 /* SourceSansPro-Bold.otf */,
				CB26423928EB718000B65B70 /* SourceSansPro-Regular.otf */,
			);
			name = Fonts;
			path = ..;
			sourceTree = "<group>";
		};
		CB6C7DB628E6FC7600BE3F05 = {
			isa = PBXGroup;
			children = (
				CB6C7DC128E6FC7600BE3F05 /* TravelApp */,
				CB6C7DC028E6FC7600BE3F05 /* Products */,
				B1EEA0100CFE5095EBAE6504 /* Pods */,
				BAC6A1AC5D7C6C8ECEEC55BA /* Frameworks */,
			);
			sourceTree = "<group>";
		};
		CB6C7DC028E6FC7600BE3F05 /* Products */ = {
			isa = PBXGroup;
			children = (
				CB6C7DBF28E6FC7600BE3F05 /* TravelApp.app */,
			);
			name = Products;
			sourceTree = "<group>";
		};
		CB6C7DC128E6FC7600BE3F05 /* TravelApp */ = {
			isa = PBXGroup;
			children = (
				CB6C7DC228E6FC7600BE3F05 /* AppDelegate.swift */,
				CB6C7DC428E6FC7600BE3F05 /* SceneDelegate.swift */,
				CBB480E028F247CB0098B92D /* HomeTab */,
				CBB480E128F247E70098B92D /* SearchTab */,
				CB6C7DC828E6FC7600BE3F05 /* Main.storyboard */,
				CB6C7DCB28E6FC7800BE3F05 /* Assets.xcassets */,
				CB6C7DCD28E6FC7800BE3F05 /* LaunchScreen.storyboard */,
				CB6C7DD028E6FC7800BE3F05 /* Info.plist */,
				CB26423828EB711000B65B70 /* Fonts */,
			);
			path = TravelApp;
			sourceTree = "<group>";
		};
		CBB480E028F247CB0098B92D /* HomeTab */ = {
			isa = PBXGroup;
			children = (
				CB6C7DC628E6FC7600BE3F05 /* HomeViewController.swift */,
				CB26423D28EB7ACB00B65B70 /* TopArticlesCollectionViewCell.swift */,
				CB26423E28EB7ACB00B65B70 /* TopArticlesCollectionViewCell.xib */,
			);
			path = HomeTab;
			sourceTree = "<group>";
		};
		CBB480E128F247E70098B92D /* SearchTab */ = {
			isa = PBXGroup;
			children = (
				CBB480DE28F243EB0098B92D /* SearchViewController.swift */,
				CBB480E228F248080098B92D /* CollectionViewCell.swift */,
				CBB480E328F248080098B92D /* CollectionViewCell.xib */,
			);
			path = SearchTab;
			sourceTree = "<group>";
		};
/* End PBXGroup section */

/* Begin PBXNativeTarget section */
		CB6C7DBE28E6FC7600BE3F05 /* TravelApp */ = {
			isa = PBXNativeTarget;
			buildConfigurationList = CB6C7DD328E6FC7800BE3F05 /* Build configuration list for PBXNativeTarget "TravelApp" */;
			buildPhases = (
				DE4A89DD866D18D912F002EF /* [CP] Check Pods Manifest.lock */,
				CB6C7DBB28E6FC7600BE3F05 /* Sources */,
				CB6C7DBC28E6FC7600BE3F05 /* Frameworks */,
				CB6C7DBD28E6FC7600BE3F05 /* Resources */,
			);
			buildRules = (
			);
			dependencies = (
			);
			name = TravelApp;
			productName = TravelApp;
			productReference = CB6C7DBF28E6FC7600BE3F05 /* TravelApp.app */;
			productType = "com.apple.product-type.application";
		};
/* End PBXNativeTarget section */

/* Begin PBXProject section */
		CB6C7DB728E6FC7600BE3F05 /* Project object */ = {
			isa = PBXProject;
			attributes = {
				BuildIndependentTargetsInParallel = 1;
				LastSwiftUpdateCheck = 1340;
				LastUpgradeCheck = 1340;
				TargetAttributes = {
					CB6C7DBE28E6FC7600BE3F05 = {
						CreatedOnToolsVersion = 13.4.1;
					};
				};
			};
			buildConfigurationList = CB6C7DBA28E6FC7600BE3F05 /* Build configuration list for PBXProject "TravelApp" */;
			compatibilityVersion = "Xcode 13.0";
			developmentRegion = en;
			hasScannedForEncodings = 0;
			knownRegions = (
				en,
				Base,
			);
			mainGroup = CB6C7DB628E6FC7600BE3F05;
			productRefGroup = CB6C7DC028E6FC7600BE3F05 /* Products */;
			projectDirPath = "";
			projectRoot = "";
			targets = (
				CB6C7DBE28E6FC7600BE3F05 /* TravelApp */,
			);
		};
/* End PBXProject section */

/* Begin PBXResourcesBuildPhase section */
		CB6C7DBD28E6FC7600BE3F05 /* Resources */ = {
			isa = PBXResourcesBuildPhase;
			buildActionMask = 2147483647;
			files = (
				CB6C7DCF28E6FC7800BE3F05 /* LaunchScreen.storyboard in Resources */,
				CBB480E528F248080098B92D /* CollectionViewCell.xib in Resources */,
				CB26424028EB7ACB00B65B70 /* TopArticlesCollectionViewCell.xib in Resources */,
				CB6C7DCC28E6FC7800BE3F05 /* Assets.xcassets in Resources */,
				CB26423C28EB725200B65B70 /* SourceSansPro-Bold.otf in Resources */,
				CB26423A28EB718000B65B70 /* SourceSansPro-Regular.otf in Resources */,
				CB6C7DCA28E6FC7600BE3F05 /* Main.storyboard in Resources */,
			);
			runOnlyForDeploymentPostprocessing = 0;
		};
/* End PBXResourcesBuildPhase section */

/* Begin PBXShellScriptBuildPhase section */
		DE4A89DD866D18D912F002EF /* [CP] Check Pods Manifest.lock */ = {
			isa = PBXShellScriptBuildPhase;
			buildActionMask = 2147483647;
			files = (
			);
			inputFileListPaths = (
			);
			inputPaths = (
				"${PODS_PODFILE_DIR_PATH}/Podfile.lock",
				"${PODS_ROOT}/Manifest.lock",
			);
			name = "[CP] Check Pods Manifest.lock";
			outputFileListPaths = (
			);
			outputPaths = (
				"$(DERIVED_FILE_DIR)/Pods-TravelApp-checkManifestLockResult.txt",
			);
			runOnlyForDeploymentPostprocessing = 0;
			shellPath = /bin/sh;
			shellScript = "diff \"${PODS_PODFILE_DIR_PATH}/Podfile.lock\" \"${PODS_ROOT}/Manifest.lock\" > /dev/null\nif [ $? != 0 ] ; then\n    # print error to STDERR\n    echo \"error: The sandbox is not in sync with the Podfile.lock. Run 'pod install' or update your CocoaPods installation.\" >&2\n    exit 1\nfi\n# This output is used by Xcode 'outputs' to avoid re-running this script phase.\necho \"SUCCESS\" > \"${SCRIPT_OUTPUT_FILE_0}\"\n";
			showEnvVarsInLog = 0;
		};
/* End PBXShellScriptBuildPhase section */

/* Begin PBXSourcesBuildPhase section */
		CB6C7DBB28E6FC7600BE3F05 /* Sources */ = {
			isa = PBXSourcesBuildPhase;
			buildActionMask = 2147483647;
			files = (
				CBB480DF28F243EB0098B92D /* SearchViewController.swift in Sources */,
				CB6C7DC728E6FC7600BE3F05 /* HomeViewController.swift in Sources */,
				CBB480E428F248080098B92D /* CollectionViewCell.swift in Sources */,
				CB6C7DC328E6FC7600BE3F05 /* AppDelegate.swift in Sources */,
				CB6C7DC528E6FC7600BE3F05 /* SceneDelegate.swift in Sources */,
				CB26423F28EB7ACB00B65B70 /* TopArticlesCollectionViewCell.swift in Sources */,
			);
			runOnlyForDeploymentPostprocessing = 0;
		};
/* End PBXSourcesBuildPhase section */

/* Begin PBXVariantGroup section */
		CB6C7DC828E6FC7600BE3F05 /* Main.storyboard */ = {
			isa = PBXVariantGroup;
			children = (
				CB6C7DC928E6FC7600BE3F05 /* Base */,
			);
			name = Main.storyboard;
			sourceTree = "<group>";
		};
		CB6C7DCD28E6FC7800BE3F05 /* LaunchScreen.storyboard */ = {
			isa = PBXVariantGroup;
			children = (
				CB6C7DCE28E6FC7800BE3F05 /* Base */,
			);
			name = LaunchScreen.storyboard;
			sourceTree = "<group>";
		};
/* End PBXVariantGroup section */

/* Begin XCBuildConfiguration section */
		CB6C7DD128E6FC7800BE3F05 /* Debug */ = {
			isa = XCBuildConfiguration;
			buildSettings = {
				ALWAYS_SEARCH_USER_PATHS = NO;
				CLANG_ANALYZER_NONNULL = YES;
				CLANG_ANALYZER_NUMBER_OBJECT_CONVERSION = YES_AGGRESSIVE;
				CLANG_CXX_LANGUAGE_STANDARD = "gnu++17";
				CLANG_ENABLE_MODULES = YES;
				CLANG_ENABLE_OBJC_ARC = YES;
				CLANG_ENABLE_OBJC_WEAK = YES;
				CLANG_WARN_BLOCK_CAPTURE_AUTORELEASING = YES;
				CLANG_WARN_BOOL_CONVERSION = YES;
				CLANG_WARN_COMMA = YES;
				CLANG_WARN_CONSTANT_CONVERSION = YES;
				CLANG_WARN_DEPRECATED_OBJC_IMPLEMENTATIONS = YES;
				CLANG_WARN_DIRECT_OBJC_ISA_USAGE = YES_ERROR;
				CLANG_WARN_DOCUMENTATION_COMMENTS = YES;
				CLANG_WARN_EMPTY_BODY = YES;
				CLANG_WARN_ENUM_CONVERSION = YES;
				CLANG_WARN_INFINITE_RECURSION = YES;
				CLANG_WARN_INT_CONVERSION = YES;
				CLANG_WARN_NON_LITERAL_NULL_CONVERSION = YES;
				CLANG_WARN_OBJC_IMPLICIT_RETAIN_SELF = YES;
				CLANG_WARN_OBJC_LITERAL_CONVERSION = YES;
				CLANG_WARN_OBJC_ROOT_CLASS = YES_ERROR;
				CLANG_WARN_QUOTED_INCLUDE_IN_FRAMEWORK_HEADER = YES;
				CLANG_WARN_RANGE_LOOP_ANALYSIS = YES;
				CLANG_WARN_STRICT_PROTOTYPES = YES;
				CLANG_WARN_SUSPICIOUS_MOVE = YES;
				CLANG_WARN_UNGUARDED_AVAILABILITY = YES_AGGRESSIVE;
				CLANG_WARN_UNREACHABLE_CODE = YES;
				CLANG_WARN__DUPLICATE_METHOD_MATCH = YES;
				COPY_PHASE_STRIP = NO;
				DEBUG_INFORMATION_FORMAT = dwarf;
				ENABLE_STRICT_OBJC_MSGSEND = YES;
				ENABLE_TESTABILITY = YES;
				GCC_C_LANGUAGE_STANDARD = gnu11;
				GCC_DYNAMIC_NO_PIC = NO;
				GCC_NO_COMMON_BLOCKS = YES;
				GCC_OPTIMIZATION_LEVEL = 0;
				GCC_PREPROCESSOR_DEFINITIONS = (
					"DEBUG=1",
					"$(inherited)",
				);
				GCC_WARN_64_TO_32_BIT_CONVERSION = YES;
				GCC_WARN_ABOUT_RETURN_TYPE = YES_ERROR;
				GCC_WARN_UNDECLARED_SELECTOR = YES;
				GCC_WARN_UNINITIALIZED_AUTOS = YES_AGGRESSIVE;
				GCC_WARN_UNUSED_FUNCTION = YES;
				GCC_WARN_UNUSED_VARIABLE = YES;
				IPHONEOS_DEPLOYMENT_TARGET = 15.5;
				MTL_ENABLE_DEBUG_INFO = INCLUDE_SOURCE;
				MTL_FAST_MATH = YES;
				ONLY_ACTIVE_ARCH = YES;
				SDKROOT = iphoneos;
				SWIFT_ACTIVE_COMPILATION_CONDITIONS = DEBUG;
				SWIFT_OPTIMIZATION_LEVEL = "-Onone";
			};
			name = Debug;
		};
		CB6C7DD228E6FC7800BE3F05 /* Release */ = {
			isa = XCBuildConfiguration;
			buildSettings = {
				ALWAYS_SEARCH_USER_PATHS = NO;
				CLANG_ANALYZER_NONNULL = YES;
				CLANG_ANALYZER_NUMBER_OBJECT_CONVERSION = YES_AGGRESSIVE;
				CLANG_CXX_LANGUAGE_STANDARD = "gnu++17";
				CLANG_ENABLE_MODULES = YES;
				CLANG_ENABLE_OBJC_ARC = YES;
				CLANG_ENABLE_OBJC_WEAK = YES;
				CLANG_WARN_BLOCK_CAPTURE_AUTORELEASING = YES;
				CLANG_WARN_BOOL_CONVERSION = YES;
				CLANG_WARN_COMMA = YES;
				CLANG_WARN_CONSTANT_CONVERSION = YES;
				CLANG_WARN_DEPRECATED_OBJC_IMPLEMENTATIONS = YES;
				CLANG_WARN_DIRECT_OBJC_ISA_USAGE = YES_ERROR;
				CLANG_WARN_DOCUMENTATION_COMMENTS = YES;
				CLANG_WARN_EMPTY_BODY = YES;
				CLANG_WARN_ENUM_CONVERSION = YES;
				CLANG_WARN_INFINITE_RECURSION = YES;
				CLANG_WARN_INT_CONVERSION = YES;
				CLANG_WARN_NON_LITERAL_NULL_CONVERSION = YES;
				CLANG_WARN_OBJC_IMPLICIT_RETAIN_SELF = YES;
				CLANG_WARN_OBJC_LITERAL_CONVERSION = YES;
				CLANG_WARN_OBJC_ROOT_CLASS = YES_ERROR;
				CLANG_WARN_QUOTED_INCLUDE_IN_FRAMEWORK_HEADER = YES;
				CLANG_WARN_RANGE_LOOP_ANALYSIS = YES;
				CLANG_WARN_STRICT_PROTOTYPES = YES;
				CLANG_WARN_SUSPICIOUS_MOVE = YES;
				CLANG_WARN_UNGUARDED_AVAILABILITY = YES_AGGRESSIVE;
				CLANG_WARN_UNREACHABLE_CODE = YES;
				CLANG_WARN__DUPLICATE_METHOD_MATCH = YES;
				COPY_PHASE_STRIP = NO;
				DEBUG_INFORMATION_FORMAT = "dwarf-with-dsym";
				ENABLE_NS_ASSERTIONS = NO;
				ENABLE_STRICT_OBJC_MSGSEND = YES;
				GCC_C_LANGUAGE_STANDARD = gnu11;
				GCC_NO_COMMON_BLOCKS = YES;
				GCC_WARN_64_TO_32_BIT_CONVERSION = YES;
				GCC_WARN_ABOUT_RETURN_TYPE = YES_ERROR;
				GCC_WARN_UNDECLARED_SELECTOR = YES;
				GCC_WARN_UNINITIALIZED_AUTOS = YES_AGGRESSIVE;
				GCC_WARN_UNUSED_FUNCTION = YES;
				GCC_WARN_UNUSED_VARIABLE = YES;
				IPHONEOS_DEPLOYMENT_TARGET = 15.5;
				MTL_ENABLE_DEBUG_INFO = NO;
				MTL_FAST_MATH = YES;
				SDKROOT = iphoneos;
				SWIFT_COMPILATION_MODE = wholemodule;
				SWIFT_OPTIMIZATION_LEVEL = "-O";
				VALIDATE_PRODUCT = YES;
			};
			name = Release;
		};
		CB6C7DD428E6FC7800BE3F05 /* Debug */ = {
			isa = XCBuildConfiguration;
			baseConfigurationReference = 499C7140FB8A4715088CBEB6 /* Pods-TravelApp.debug.xcconfig */;
			buildSettings = {
				ASSETCATALOG_COMPILER_APPICON_NAME = AppIcon;
				ASSETCATALOG_COMPILER_GLOBAL_ACCENT_COLOR_NAME = AccentColor;
				CODE_SIGN_STYLE = Automatic;
				CURRENT_PROJECT_VERSION = 1;
				DEVELOPMENT_TEAM = TDJUZVCP82;
				GENERATE_INFOPLIST_FILE = YES;
				INFOPLIST_FILE = TravelApp/Info.plist;
				INFOPLIST_KEY_UIApplicationSupportsIndirectInputEvents = YES;
				INFOPLIST_KEY_UILaunchStoryboardName = LaunchScreen;
				INFOPLIST_KEY_UIMainStoryboardFile = Main;
				INFOPLIST_KEY_UISupportedInterfaceOrientations_iPad = "UIInterfaceOrientationPortrait UIInterfaceOrientationPortraitUpsideDown UIInterfaceOrientationLandscapeLeft UIInterfaceOrientationLandscapeRight";
				INFOPLIST_KEY_UISupportedInterfaceOrientations_iPhone = "UIInterfaceOrientationPortrait UIInterfaceOrientationLandscapeLeft UIInterfaceOrientationLandscapeRight";
				LD_RUNPATH_SEARCH_PATHS = (
					"$(inherited)",
					"@executable_path/Frameworks",
				);
				MARKETING_VERSION = 1.0;
				PRODUCT_BUNDLE_IDENTIFIER = "Hakan-isseven.TravelApp";
				PRODUCT_NAME = "$(TARGET_NAME)";
				SWIFT_EMIT_LOC_STRINGS = YES;
				SWIFT_VERSION = 5.0;
				TARGETED_DEVICE_FAMILY = "1,2";
			};
			name = Debug;
		};
		CB6C7DD528E6FC7800BE3F05 /* Release */ = {
			isa = XCBuildConfiguration;
			baseConfigurationReference = 2156D66DF6737B00EA1EFBF5 /* Pods-TravelApp.release.xcconfig */;
			buildSettings = {
				ASSETCATALOG_COMPILER_APPICON_NAME = AppIcon;
				ASSETCATALOG_COMPILER_GLOBAL_ACCENT_COLOR_NAME = AccentColor;
				CODE_SIGN_STYLE = Automatic;
				CURRENT_PROJECT_VERSION = 1;
				DEVELOPMENT_TEAM = TDJUZVCP82;
				GENERATE_INFOPLIST_FILE = YES;
				INFOPLIST_FILE = TravelApp/Info.plist;
				INFOPLIST_KEY_UIApplicationSupportsIndirectInputEvents = YES;
				INFOPLIST_KEY_UILaunchStoryboardName = LaunchScreen;
				INFOPLIST_KEY_UIMainStoryboardFile = Main;
				INFOPLIST_KEY_UISupportedInterfaceOrientations_iPad = "UIInterfaceOrientationPortrait UIInterfaceOrientationPortraitUpsideDown UIInterfaceOrientationLandscapeLeft UIInterfaceOrientationLandscapeRight";
				INFOPLIST_KEY_UISupportedInterfaceOrientations_iPhone = "UIInterfaceOrientationPortrait UIInterfaceOrientationLandscapeLeft UIInterfaceOrientationLandscapeRight";
				LD_RUNPATH_SEARCH_PATHS = (
					"$(inherited)",
					"@executable_path/Frameworks",
				);
				MARKETING_VERSION = 1.0;
				PRODUCT_BUNDLE_IDENTIFIER = "Hakan-isseven.TravelApp";
				PRODUCT_NAME = "$(TARGET_NAME)";
				SWIFT_EMIT_LOC_STRINGS = YES;
				SWIFT_VERSION = 5.0;
				TARGETED_DEVICE_FAMILY = "1,2";
			};
			name = Release;
		};
/* End XCBuildConfiguration section */

/* Begin XCConfigurationList section */
		CB6C7DBA28E6FC7600BE3F05 /* Build configuration list for PBXProject "TravelApp" */ = {
			isa = XCConfigurationList;
			buildConfigurations = (
				CB6C7DD128E6FC7800BE3F05 /* Debug */,
				CB6C7DD228E6FC7800BE3F05 /* Release */,
			);
			defaultConfigurationIsVisible = 0;
			defaultConfigurationName = Release;
		};
		CB6C7DD328E6FC7800BE3F05 /* Build configuration list for PBXNativeTarget "TravelApp" */ = {
			isa = XCConfigurationList;
			buildConfigurations = (
				CB6C7DD428E6FC7800BE3F05 /* Debug */,
				CB6C7DD528E6FC7800BE3F05 /* Release */,
			);
			defaultConfigurationIsVisible = 0;
			defaultConfigurationName = Release;
		};
/* End XCConfigurationList section */
	};
	rootObject = CB6C7DB728E6FC7600BE3F05 /* Project object */;
}
